# THIS IS AN AUTOGENERATED FILE. DO NOT EDIT THIS FILE DIRECTLY.
# yarn lockfile v1


"@use-gesture/core@10.2.10":
  version "10.2.10"
  resolved "https://registry.yarnpkg.com/@use-gesture/core/-/core-10.2.10.tgz#ef242d32a27070de3e6b2219ee113289ec8216b4"
  integrity sha512-7WFIDfeTB+7RBui8YOrB2xbgmvMsvaCDjyzrdvECKkgOpIynNSdhlLXjiFuqQMtnK71IL/9WNZNU0P8xuaLuUQ==

"@use-gesture/react@10.2.10":
  version "10.2.10"
  resolved "https://registry.yarnpkg.com/@use-gesture/react/-/react-10.2.10.tgz#8c13645ff9aa1d9806a0a461befa4c90fccc7879"
  integrity sha512-znChnKVAMMGXD9J7fCKN686BJNBlUJaRtCu92IQXVWdcxg4MqS0SgsBslGnTWXTlsHVkg5zcGjKYf7qYkOf0Rg==
  dependencies:
    "@use-gesture/core" "10.2.10"
