# THIS IS AN AUTOGENERATED FILE. DO NOT EDIT THIS FILE DIRECTLY.
# yarn lockfile v1


"@babel/runtime@^7.11.2", "@babel/runtime@^7.13.10", "@babel/runtime@^7.16.7":
  version "7.17.8"
  resolved "https://registry.yarnpkg.com/@babel/runtime/-/runtime-7.17.8.tgz#3e56e4aff81befa55ac3ac6a0967349fd1c5bca2"
  integrity sha512-dQpEpK0O9o6lj6oPu0gRDbbnk+4LeHlNcBpspf6Olzt3GIX4P1lWF1gS+pHLDFlaJvbR6q7jCfQ08zA4QJBnmA==
  dependencies:
    regenerator-runtime "^0.13.4"

"@chevrotain/cst-dts-gen@^10.1.2":
  version "10.1.2"
  resolved "https://registry.yarnpkg.com/@chevrotain/cst-dts-gen/-/cst-dts-gen-10.1.2.tgz#4ee6eff237bb47f4990cfb76c18ee2e71237929c"
  integrity sha512-E/XrL0QlzExycPzwhOEZGVOheJ/Clr5uNv3oCds88MiNqEmg3UU1iauZk7DhjsUo3jgEW4lf0I5HRl7/HC5ZkQ==
  dependencies:
    "@chevrotain/gast" "^10.1.2"
    "@chevrotain/types" "^10.1.2"
    lodash "4.17.21"

"@chevrotain/gast@^10.1.2":
  version "10.1.2"
  resolved "https://registry.yarnpkg.com/@chevrotain/gast/-/gast-10.1.2.tgz#91d5b342480d7532118a6cf3958955f86c9cc03e"
  integrity sha512-er+TcxUOMuGOPoiOq8CJsRm92zGE4YPIYtyxJfxoVwVgtj4AMrPNCmrHvYaK/bsbt2DaDuFdcbbAfM9bcBXW6Q==
  dependencies:
    "@chevrotain/types" "^10.1.2"
    lodash "4.17.21"

"@chevrotain/types@^10.1.2":
  version "10.1.2"
  resolved "https://registry.yarnpkg.com/@chevrotain/types/-/types-10.1.2.tgz#f4caa373b1cd14d13ecb61c77dfee2456eef1ab3"
  integrity sha512-4qF9SmmWKv8AIG/3d+71VFuqLumNCQTP5GoL0CW6x7Ay2OdXm6FUgWFLTMneGUjYUk2C+MSCf7etQfdq3LEr1A==

"@chevrotain/utils@^10.1.2":
  version "10.1.2"
  resolved "https://registry.yarnpkg.com/@chevrotain/utils/-/utils-10.1.2.tgz#d2fb7b968141139e5c2419553e5295382c265e7d"
  integrity sha512-bbZIpW6fdyf7FMaeDmw3cBbkTqsecxEkwlVKgVfqqXWBPLH6azxhPA2V9F7OhoZSVrsnMYw7QuyK6qutXPjEew==

"@react-spring/animated@~9.4.4":
  version "9.4.4"
  resolved "https://registry.yarnpkg.com/@react-spring/animated/-/animated-9.4.4.tgz#15e21923e55c06ca2bcea432869b91b2f8b07519"
  integrity sha512-e9xnuBaUTD+NolKikUmrGWjX8AVCPyj1GcEgjgq9E+0sXKv46UY7cm2EmB6mUDTxWIDVKebARY++xT4nGDraBQ==
  dependencies:
    "@react-spring/shared" "~9.4.4"
    "@react-spring/types" "~9.4.4"

"@react-spring/core@~9.4.4":
  version "9.4.4"
  resolved "https://registry.yarnpkg.com/@react-spring/core/-/core-9.4.4.tgz#7730988cec7302ba6e0977cf4c08c30249d95622"
  integrity sha512-llgb0ljFyjMB0JhWsaFHOi9XFT8n1jBMVs1IFY2ipIBerWIRWrgUmIpakLPHTa4c4jwqTaDSwX90s2a0iN7dxQ==
  dependencies:
    "@react-spring/animated" "~9.4.4"
    "@react-spring/rafz" "~9.4.4"
    "@react-spring/shared" "~9.4.4"
    "@react-spring/types" "~9.4.4"

"@react-spring/rafz@~9.4.4":
  version "9.4.4"
  resolved "https://registry.yarnpkg.com/@react-spring/rafz/-/rafz-9.4.4.tgz#736c9ed1099baebeea20c357b9700b01b83ea9de"
  integrity sha512-5ki/sQ06Mdf8AuFstSt5zbNNicRT4LZogiJttDAww1ozhuvemafNWEHxhzcULgCPCDu2s7HsroaISV7+GQWrhw==

"@react-spring/shared@~9.4.4":
  version "9.4.4"
  resolved "https://registry.yarnpkg.com/@react-spring/shared/-/shared-9.4.4.tgz#e1ae00a77d170d86d77d9a19dc7015bdddc2d26f"
  integrity sha512-ySVgScDZlhm/+Iy2smY9i/DDrShArY0j6zjTS/Re1lasKnhq8qigoGiAxe8xMPJNlCaj3uczCqHy3TY9bKRtfQ==
  dependencies:
    "@react-spring/rafz" "~9.4.4"
    "@react-spring/types" "~9.4.4"

"@react-spring/three@^9.3.1":
  version "9.4.4"
  resolved "https://registry.yarnpkg.com/@react-spring/three/-/three-9.4.4.tgz#a26de44854e166184ddba57313bfc52efce67368"
  integrity sha512-z77ohxg8zG0CcZJojzfoJTTrjSbIyefNz2RlId68/4IypnOs1p8kB2Q1p+wX4KyWORpLg8ivsPcjtwBjGwfDtg==
  dependencies:
    "@react-spring/animated" "~9.4.4"
    "@react-spring/core" "~9.4.4"
    "@react-spring/shared" "~9.4.4"
    "@react-spring/types" "~9.4.4"

"@react-spring/types@~9.4.4":
  version "9.4.4"
  resolved "https://registry.yarnpkg.com/@react-spring/types/-/types-9.4.4.tgz#97c69881788e624d7cc68d4385fdaa9b5fd20642"
  integrity sha512-KpxKt/D//q/t/6FBcde/RE36LKp8PpWu7kFEMLwpzMGl9RpcexunmYOQJWwmJWtkQjgE1YRr7DzBMryz6La1cQ==

"@react-three/cannon@5.1.0":
  version "5.1.0"
  resolved "https://registry.yarnpkg.com/@react-three/cannon/-/cannon-5.1.0.tgz#94fe4985f3ad47a2834af31afef51ac90abfb2c1"
  integrity sha512-p3oOY7FrFSlGfmkv9wATdJbGEugAfhaWROKUFW4XvKm7RAmU+RAMhSAXfk5iV1P2EIr8ZtMC0zJ53yfz/WNv2w==
  dependencies:
    "@react-three/fiber" "^7.0.26"
    react ">=17.0"
    three "^0.137.0"

"@react-three/drei@8.18.1":
  version "8.18.1"
  resolved "https://registry.yarnpkg.com/@react-three/drei/-/drei-8.18.1.tgz#677b6593547f5438745d1a0c02c70ae1a5a30ba5"
  integrity sha512-XgwaKf+opNnh/o13aPC83ZueDqFIBPVeXm8vig/zkoP/6QLSOct3Fz2kpDKidyNchtcCqxKoYJ7Do2lnhXZdyg==
  dependencies:
    "@babel/runtime" "^7.11.2"
    "@react-spring/three" "^9.3.1"
    "@use-gesture/react" "^10.2.0"
    detect-gpu "^3.1.28"
    glsl-noise "^0.0.0"
    lodash.omit "^4.5.0"
    lodash.pick "^4.4.0"
    meshline "^2.0.4"
    react-composer "^5.0.2"
    react-merge-refs "^1.1.0"
    stats.js "^0.17.0"
    suspend-react "^0.0.8"
    three-mesh-bvh "^0.5.4"
    three-stdlib "^2.8.7"
    troika-three-text "^0.46.2"
    utility-types "^3.10.0"
    zustand "^3.5.13"

"@react-three/fiber@7.0.26", "@react-three/fiber@^7.0.26":
  version "7.0.26"
  resolved "https://registry.yarnpkg.com/@react-three/fiber/-/fiber-7.0.26.tgz#36ec19fa7bff00738a7dd368d37d81fed912dd52"
  integrity sha512-46NBais4fQIGcMGLBbOf84lp8y/cg73jOEVmAQQJqWX6iOVeNg29jYd15LBuCW2qPD1qDRU0rOfLbMDgwr/vxQ==
  dependencies:
    "@babel/runtime" "^7.13.10"
    react-merge-refs "^1.1.0"
    react-reconciler "^0.26.2"
    react-three-fiber "0.0.0-deprecated"
    react-use-measure "^2.1.1"
    resize-observer-polyfill "^1.5.1"
    scheduler "^0.20.2"
    use-asset "^1.0.4"
    utility-types "^3.10.0"
    zustand "^3.5.1"

"@types/three@0.138.0":
  version "0.138.0"
  resolved "https://registry.yarnpkg.com/@types/three/-/three-0.138.0.tgz#ec9f1d1fd8dffea2e0572f9d815ff5a35cf4dc6b"
  integrity sha512-D8AoV7h2kbCfrv/DcebHOFh1WDwyus3HdooBkAwcBikXArdqnsQ38PQ85JCunnvun160oA9jz53GszF3zch3tg==

"@use-gesture/core@10.2.10":
  version "10.2.10"
  resolved "https://registry.yarnpkg.com/@use-gesture/core/-/core-10.2.10.tgz#ef242d32a27070de3e6b2219ee113289ec8216b4"
  integrity sha512-7WFIDfeTB+7RBui8YOrB2xbgmvMsvaCDjyzrdvECKkgOpIynNSdhlLXjiFuqQMtnK71IL/9WNZNU0P8xuaLuUQ==

"@use-gesture/react@^10.2.0":
  version "10.2.10"
  resolved "https://registry.yarnpkg.com/@use-gesture/react/-/react-10.2.10.tgz#8c13645ff9aa1d9806a0a461befa4c90fccc7879"
  integrity sha512-znChnKVAMMGXD9J7fCKN686BJNBlUJaRtCu92IQXVWdcxg4MqS0SgsBslGnTWXTlsHVkg5zcGjKYf7qYkOf0Rg==
  dependencies:
    "@use-gesture/core" "10.2.10"

"@webgpu/glslang@^0.0.15":
  version "0.0.15"
  resolved "https://registry.yarnpkg.com/@webgpu/glslang/-/glslang-0.0.15.tgz#f5ccaf6015241e6175f4b90906b053f88483d1f2"
  integrity sha512-niT+Prh3Aff8Uf1MVBVUsaNjFj9rJAKDXuoHIKiQbB+6IUP/3J3JIhBNyZ7lDhytvXxw6ppgnwKZdDJ08UMj4Q==

bidi-js@^1.0.2:
  version "1.0.2"
  resolved "https://registry.yarnpkg.com/bidi-js/-/bidi-js-1.0.2.tgz#1a497a762c2ddea377429d2649c9ce0f8a91527f"
  integrity sha512-rzSy/k7WdX5zOyeHHCOixGXbCHkyogkxPKL2r8QtzHmVQDiWCXUWa18bLdMWT9CYMLOYTjWpTHawuev2ouYJVw==
  dependencies:
    require-from-string "^2.0.2"

chevrotain@^10.1.1:
  version "10.1.2"
  resolved "https://registry.yarnpkg.com/chevrotain/-/chevrotain-10.1.2.tgz#c990ab43e32fd0bfb176ad1cbdebf48302ac8542"
  integrity sha512-hvRiQuhhTZxkPMGD/dke+s1EGo8AkKDBU05CcufBO278qgAQSwIC4QyLdHz0CFHVtqVYWjlAS5D1KwvBbaHT+w==
  dependencies:
    "@chevrotain/cst-dts-gen" "^10.1.2"
    "@chevrotain/gast" "^10.1.2"
    "@chevrotain/types" "^10.1.2"
    "@chevrotain/utils" "^10.1.2"
    lodash "4.17.21"
    regexp-to-ast "0.5.0"

debounce@^1.2.1:
  version "1.2.1"
  resolved "https://registry.yarnpkg.com/debounce/-/debounce-1.2.1.tgz#38881d8f4166a5c5848020c11827b834bcb3e0a5"
  integrity sha512-XRRe6Glud4rd/ZGQfiV1ruXSfbvfJedlV9Y6zOlP+2K04vBYiJEte6stfFkCP03aMnY5tsipamumUjL14fofug==

detect-gpu@^3.1.28:
  version "3.1.30"
  resolved "https://registry.yarnpkg.com/detect-gpu/-/detect-gpu-3.1.30.tgz#5f81d02dc8c6417f686e1057256b3bd5d5a6f3f5"
  integrity sha512-WUOk8imHH56AWVt6iHry69qbNEFsPjtS6qsinurfxeI3bVYQZzFk8zECTaodLxfeRad7QspDjjkJWkp5vBo8WA==
  dependencies:
    webgl-constants "^1.1.1"

draco3d@^1.4.1:
  version "1.5.2"
  resolved "https://registry.yarnpkg.com/draco3d/-/draco3d-1.5.2.tgz#a09604a9e6bbf4e5a69208af4622038c55ef4ca7"
  integrity sha512-AeRQ25Fb29c14vpjnh167UGW0nGY0ZpEM3ld+zEXoEySlmEXcXfsCHZeTgo5qXH925V1JsdjrzasdaQ22/vXog==

fast-deep-equal@^3.1.3:
  version "3.1.3"
  resolved "https://registry.yarnpkg.com/fast-deep-equal/-/fast-deep-equal-3.1.3.tgz#3a7d56b559d6cbc3eb512325244e619a65c6c525"
  integrity sha512-f3qQ9oQy9j2AhBe/H9VC91wLmKBCCU/gDOnKNAYG5hswO7BLKj09Hc5HYNz9cGI++xlpDCIgDaitVs03ATR84Q==

fflate@^0.6.9:
  version "0.6.10"
  resolved "https://registry.yarnpkg.com/fflate/-/fflate-0.6.10.tgz#5f40f9659205936a2d18abf88b2e7781662b6d43"
  integrity sha512-IQrh3lEPM93wVCEczc9SaAOvkmcoQn/G8Bo1e8ZPlY3X3bnAxWaBdvTdvM1hP62iZp0BXWDy4vTAy4fF0+Dlpg==

glsl-noise@^0.0.0:
  version "0.0.0"
  resolved "https://registry.yarnpkg.com/glsl-noise/-/glsl-noise-0.0.0.tgz#367745f3a33382c0eeec4cb54b7e99cfc1d7670b"
  integrity sha1-NndF86MzgsDu7Ey1S36Zz8HXZws=

"js-tokens@^3.0.0 || ^4.0.0":
  version "4.0.0"
  resolved "https://registry.yarnpkg.com/js-tokens/-/js-tokens-4.0.0.tgz#19203fb59991df98e3a287050d4647cdeaf32499"
  integrity sha512-RdJUflcE3cUzKiMqQgsCu06FPu9UdIJO0beYbPhHN4k6apgJtifcoCtT9bcxOpYBtpD2kCM6Sbzg4CausW/PKQ==

ktx-parse@^0.2.1:
  version "0.2.2"
  resolved "https://registry.yarnpkg.com/ktx-parse/-/ktx-parse-0.2.2.tgz#b037b66044855215b332cb73104590af49e47791"
  integrity sha512-cFBc1jnGG2WlUf52NbDUXK2obJ+Mo9WUkBRvr6tP6CKxRMvZwDDFNV3JAS4cewETp5KyexByfWm9sm+O8AffiQ==

lodash.omit@^4.5.0:
  version "4.5.0"
  resolved "https://registry.yarnpkg.com/lodash.omit/-/lodash.omit-4.5.0.tgz#6eb19ae5a1ee1dd9df0b969e66ce0b7fa30b5e60"
  integrity sha1-brGa5aHuHdnfC5aeZs4Lf6MLXmA=

lodash.pick@^4.4.0:
  version "4.4.0"
  resolved "https://registry.yarnpkg.com/lodash.pick/-/lodash.pick-4.4.0.tgz#52f05610fff9ded422611441ed1fc123a03001b3"
  integrity sha1-UvBWEP/53tQiYRRB7R/BI6AwAbM=

lodash@4.17.21:
  version "4.17.21"
  resolved "https://registry.yarnpkg.com/lodash/-/lodash-4.17.21.tgz#679591c564c3bffaae8454cf0b3df370c3d6911c"
  integrity sha512-v2kDEe57lecTulaDIuNTPy3Ry4gLGJ6Z1O3vE1krgXZNrsQ+LFTGHVxVjcXPs17LhbZVGedAJv8XZ1tvj5FvSg==

loose-envify@^1.1.0, loose-envify@^1.4.0:
  version "1.4.0"
  resolved "https://registry.yarnpkg.com/loose-envify/-/loose-envify-1.4.0.tgz#71ee51fa7be4caec1a63839f7e682d8132d30caf"
  integrity sha512-lyuxPGr/Wfhrlem2CL/UcnUc1zcqKAImBDzukY7Y5F/yQiNdko6+fRLevlw1HgMySw7f611UIY408EtxRSoK3Q==
  dependencies:
    js-tokens "^3.0.0 || ^4.0.0"

meshline@^2.0.4:
  version "2.0.4"
  resolved "https://registry.yarnpkg.com/meshline/-/meshline-2.0.4.tgz#39c7bcf36b503397642f2312e6211f2a8ecf75c5"
  integrity sha512-Jh6DJl/zLqA4xsKvGv5950jr2ukyXQE1wgxs8u94cImHrvL6soVIggqjP+2hVHZXGYaKnWszhtjuCbKNeQyYiw==

mmd-parser@^1.0.4:
  version "1.0.4"
  resolved "https://registry.yarnpkg.com/mmd-parser/-/mmd-parser-1.0.4.tgz#87cc05782cb5974ca854f0303fc5147bc9d690e7"
  integrity sha512-Qi0VCU46t2IwfGv5KF0+D/t9cizcDug7qnNoy9Ggk7aucp0tssV8IwTMkBlDbm+VqAf3cdQHTCARKSsuS2MYFg==

object-assign@^4.1.1:
  version "4.1.1"
  resolved "https://registry.yarnpkg.com/object-assign/-/object-assign-4.1.1.tgz#2109adc7965887cfc05cbbd442cac8bfbb360863"
  integrity sha1-IQmtx5ZYh8/AXLvUQsrIv7s2CGM=

opentype.js@^1.3.3:
  version "1.3.4"
  resolved "https://registry.yarnpkg.com/opentype.js/-/opentype.js-1.3.4.tgz#1c0e72e46288473cc4a4c6a2dc60fd7fe6020d77"
  integrity sha512-d2JE9RP/6uagpQAVtJoF0pJJA/fgai89Cc50Yp0EJHk+eLp6QQ7gBoblsnubRULNY132I0J1QKMJ+JTbMqz4sw==
  dependencies:
    string.prototype.codepointat "^0.2.1"
    tiny-inflate "^1.0.3"

potpack@^1.0.1:
  version "1.0.2"
  resolved "https://registry.yarnpkg.com/potpack/-/potpack-1.0.2.tgz#23b99e64eb74f5741ffe7656b5b5c4ddce8dfc14"
  integrity sha512-choctRBIV9EMT9WGAZHn3V7t0Z2pMQyl0EZE6pFc/6ml3ssw7Dlf/oAOvFwjm1HVsqfQN8GfeFyJ+d8tRzqueQ==

prop-types@^15.6.0:
  version "15.8.1"
  resolved "https://registry.yarnpkg.com/prop-types/-/prop-types-15.8.1.tgz#67d87bf1a694f48435cf332c24af10214a3140b5"
  integrity sha512-oj87CgZICdulUohogVAR7AjlC0327U4el4L6eAvOqCeudMDVU0NThNaV+b9Df4dXgSP1gXMTnPdhfe/2qDH5cg==
  dependencies:
    loose-envify "^1.4.0"
    object-assign "^4.1.1"
    react-is "^16.13.1"

react-composer@^5.0.2:
  version "5.0.2"
  resolved "https://registry.yarnpkg.com/react-composer/-/react-composer-5.0.2.tgz#131cb53326abb07363795ad3abb0dc4a3005ee05"
  integrity sha512-6E2UNjUF0e7KRY+/faU2Hv7D9zagXnYdTfSSCGdYfuds6mRnVpN19vrbHXShaQzJNVXL4VOUb8qq6DvClDIG1g==
  dependencies:
    prop-types "^15.6.0"

react-is@^16.13.1:
  version "16.13.1"
  resolved "https://registry.yarnpkg.com/react-is/-/react-is-16.13.1.tgz#789729a4dc36de2999dc156dd6c1d9c18cea56a4"
  integrity sha512-24e6ynE2H+OKt4kqsOvNd8kBpV65zoxbA4BVsEOB3ARVWQki/DHzaUoC5KuON/BiccDaCCTZBuOcfZs70kR8bQ==

react-merge-refs@^1.1.0:
  version "1.1.0"
  resolved "https://registry.yarnpkg.com/react-merge-refs/-/react-merge-refs-1.1.0.tgz#73d88b892c6c68cbb7a66e0800faa374f4c38b06"
  integrity sha512-alTKsjEL0dKH/ru1Iyn7vliS2QRcBp9zZPGoWxUOvRGWPUYgjo+V01is7p04It6KhgrzhJGnIj9GgX8W4bZoCQ==

react-reconciler@^0.26.2:
  version "0.26.2"
  resolved "https://registry.yarnpkg.com/react-reconciler/-/react-reconciler-0.26.2.tgz#bbad0e2d1309423f76cf3c3309ac6c96e05e9d91"
  integrity sha512-nK6kgY28HwrMNwDnMui3dvm3rCFjZrcGiuwLc5COUipBK5hWHLOxMJhSnSomirqWwjPBJKV1QcbkI0VJr7Gl1Q==
  dependencies:
    loose-envify "^1.1.0"
    object-assign "^4.1.1"
    scheduler "^0.20.2"

react-three-fiber@0.0.0-deprecated:
  version "0.0.0-deprecated"
  resolved "https://registry.yarnpkg.com/react-three-fiber/-/react-three-fiber-0.0.0-deprecated.tgz#c737242487d824cf9520307308b7e4c4071a278f"
  integrity sha512-EblIqTAsIpkYeM8bZtC4lcpTE0A2zCEGipFB52RgcQq/q+0oryrk7Sxt+sqhIjUu6xMNEVywV8dr74lz5yWO6A==

react-use-measure@^2.1.1:
  version "2.1.1"
  resolved "https://registry.yarnpkg.com/react-use-measure/-/react-use-measure-2.1.1.tgz#5824537f4ee01c9469c45d5f7a8446177c6cc4ba"
  integrity sha512-nocZhN26cproIiIduswYpV5y5lQpSQS1y/4KuvUCjSKmw7ZWIS/+g3aFnX3WdBkyuGUtTLif3UTqnLLhbDoQig==
  dependencies:
    debounce "^1.2.1"

react@>=17.0:
  version "17.0.2"
  resolved "https://registry.yarnpkg.com/react/-/react-17.0.2.tgz#d0b5cc516d29eb3eee383f75b62864cfb6800037"
  integrity sha512-gnhPt75i/dq/z3/6q/0asP78D0u592D5L1pd7M8P+dck6Fu/jJeL6iVVK23fptSUZj8Vjf++7wXA8UNclGQcbA==
  dependencies:
    loose-envify "^1.1.0"
    object-assign "^4.1.1"

regenerator-runtime@^0.13.4:
  version "0.13.9"
  resolved "https://registry.yarnpkg.com/regenerator-runtime/-/regenerator-runtime-0.13.9.tgz#8925742a98ffd90814988d7566ad30ca3b263b52"
  integrity sha512-p3VT+cOEgxFsRRA9X4lkI1E+k2/CtnKtU4gcxyaCUreilL/vqI6CdZ3wxVUx3UOUg+gnUOQQcRI7BmSI656MYA==

regexp-to-ast@0.5.0:
  version "0.5.0"
  resolved "https://registry.yarnpkg.com/regexp-to-ast/-/regexp-to-ast-0.5.0.tgz#56c73856bee5e1fef7f73a00f1473452ab712a24"
  integrity sha512-tlbJqcMHnPKI9zSrystikWKwHkBqu2a/Sgw01h3zFjvYrMxEDYHzzoMZnUrbIfpTFEsoRnnviOXNCzFiSc54Qw==

require-from-string@^2.0.2:
  version "2.0.2"
  resolved "https://registry.yarnpkg.com/require-from-string/-/require-from-string-2.0.2.tgz#89a7fdd938261267318eafe14f9c32e598c36909"
  integrity sha512-Xf0nWe6RseziFMu+Ap9biiUbmplq6S9/p+7w7YXP/JBHhrUDDUhwa+vANyubuqfZWTveU//DYVGsDG7RKL/vEw==

resize-observer-polyfill@^1.5.1:
  version "1.5.1"
  resolved "https://registry.yarnpkg.com/resize-observer-polyfill/-/resize-observer-polyfill-1.5.1.tgz#0e9020dd3d21024458d4ebd27e23e40269810464"
  integrity sha512-LwZrotdHOo12nQuZlHEmtuXdqGoOD0OhaxopaNFxWzInpEgaLWoVuAMbTzixuosCx2nEG58ngzW3vxdWoxIgdg==

scheduler@^0.20.2:
  version "0.20.2"
  resolved "https://registry.yarnpkg.com/scheduler/-/scheduler-0.20.2.tgz#4baee39436e34aa93b4874bddcbf0fe8b8b50e91"
  integrity sha512-2eWfGgAqqWFGqtdMmcL5zCMK1U8KlXv8SQFGglL3CEtd0aDVDWgeF/YoCmvln55m5zSk3J/20hTaSBeSObsQDQ==
  dependencies:
    loose-envify "^1.1.0"
    object-assign "^4.1.1"

stats.js@^0.17.0:
  version "0.17.0"
  resolved "https://registry.yarnpkg.com/stats.js/-/stats.js-0.17.0.tgz#b1c3dc46d94498b578b7fd3985b81ace7131cc7d"
  integrity sha1-scPcRtlEmLV4t/05hbgaznExzH0=

string.prototype.codepointat@^0.2.1:
  version "0.2.1"
  resolved "https://registry.yarnpkg.com/string.prototype.codepointat/-/string.prototype.codepointat-0.2.1.tgz#004ad44c8afc727527b108cd462b4d971cd469bc"
  integrity sha512-2cBVCj6I4IOvEnjgO/hWqXjqBGsY+zwPmHl12Srk9IXSZ56Jwwmy+66XO5Iut/oQVR7t5ihYdLB0GMa4alEUcg==

suspend-react@^0.0.8:
  version "0.0.8"
  resolved "https://registry.yarnpkg.com/suspend-react/-/suspend-react-0.0.8.tgz#b0740c1386b4eb652f17affe4339915ee268bd31"
  integrity sha512-ZC3r8Hu1y0dIThzsGw0RLZplnX9yXwfItcvaIzJc2VQVi8TGyGDlu92syMB5ulybfvGLHAI5Ghzlk23UBPF8xg==

three-mesh-bvh@^0.5.4:
  version "0.5.6"
  resolved "https://registry.yarnpkg.com/three-mesh-bvh/-/three-mesh-bvh-0.5.6.tgz#4e5f8316ecfc669c7f97478a359eb6b59e72af02"
  integrity sha512-vxY5amYZLwhsd2X5BtHNXXG0P4XKuIu03q57IynGrHOKXHrnfYLOSOtyi23rnlf8FoZcdlj2fe+bFgIrDxyrmw==

three-stdlib@^2.8.7:
  version "2.8.8"
  resolved "https://registry.yarnpkg.com/three-stdlib/-/three-stdlib-2.8.8.tgz#ece7cfeecaa1886b7f68591ae334bf466f2cd3eb"
  integrity sha512-M178LLexkFajq4/HfLNchpHRYgDGFL5qrv0bO3fkr0JN3+fUvEbml7kFgmiQ1ohZeYbSl2cwWN3MxHb+e2sf5w==
  dependencies:
    "@babel/runtime" "^7.16.7"
    "@webgpu/glslang" "^0.0.15"
    chevrotain "^10.1.1"
    draco3d "^1.4.1"
    fflate "^0.6.9"
    ktx-parse "^0.2.1"
    mmd-parser "^1.0.4"
    opentype.js "^1.3.3"
    potpack "^1.0.1"
    zstddec "^0.0.2"

three@0.138.3:
  version "0.138.3"
  resolved "https://registry.yarnpkg.com/three/-/three-0.138.3.tgz#7be5153d79dcbf9e9baad82e7faf8c29edda4ed0"
  integrity sha512-4t1cKC8gimNyJChJbaklg8W/qj3PpsLJUIFm5LIuAy/hVxxNm1ru2FGTSfbTSsuHmC/7ipsyuGKqrSAKLNtkzg==

three@^0.137.0:
  version "0.137.5"
  resolved "https://registry.yarnpkg.com/three/-/three-0.137.5.tgz#a1e34bedd0412f2d8797112973dfadac78022ce6"
  integrity sha512-rTyr+HDFxjnN8+N/guZjDgfVxgHptZQpf6xfL/Mo7a5JYIFwK6tAq3bzxYYB4Ae0RosDZlDuP+X5aXDXz+XnHQ==

tiny-inflate@^1.0.3:
  version "1.0.3"
  resolved "https://registry.yarnpkg.com/tiny-inflate/-/tiny-inflate-1.0.3.tgz#122715494913a1805166aaf7c93467933eea26c4"
  integrity sha512-pkY1fj1cKHb2seWDy0B16HeWyczlJA9/WW3u3c4z/NiWDsO3DOU5D7nhTLE9CF0yXv/QZFY7sEJmj24dK+Rrqw==

troika-three-text@^0.46.2:
  version "0.46.3"
  resolved "https://registry.yarnpkg.com/troika-three-text/-/troika-three-text-0.46.3.tgz#abc37056e2c12ae94552ffbc1f116e2e442a8bd5"
  integrity sha512-95DMxswSd9t9+vsz7+snxHIAA1X04syrWq8v6N835/iiejarszKmF8NqlRSs5VscCYXaJVbGspZbdrGKpP4S4Q==
  dependencies:
    bidi-js "^1.0.2"
    troika-three-utils "^0.46.0"
    troika-worker-utils "^0.46.0"
    webgl-sdf-generator "1.1.1"

troika-three-utils@^0.46.0:
  version "0.46.0"
  resolved "https://registry.yarnpkg.com/troika-three-utils/-/troika-three-utils-0.46.0.tgz#6d97a9bf08f2260285edf2bb0be6328dd3d50eec"
  integrity sha512-llHyrXAcwzr0bpg80GxsIp73N7FuImm4WCrKDJkAqcAsWmE5pfP9+Qzw+oMWK1P/AdHQ79eOrOl9NjyW4aOw0w==

troika-worker-utils@^0.46.0:
  version "0.46.0"
  resolved "https://registry.yarnpkg.com/troika-worker-utils/-/troika-worker-utils-0.46.0.tgz#1b698090af78b51a27e03881c90237a2e648d6c4"
  integrity sha512-bzOx5f2ZBxkFhXtIvDJlLn2AI3bzCkGVbCndl/2dL5QZrwHEKl45OEIilCxYQQWJG1rEbOD9O80tMjoYjw19OA==

use-asset@^1.0.4:
  version "1.0.4"
  resolved "https://registry.yarnpkg.com/use-asset/-/use-asset-1.0.4.tgz#506caafc29f602890593799e58b577b70293a6e2"
  integrity sha512-7/hqDrWa0iMnCoET9W1T07EmD4Eg/Wmoj/X8TGBc++ECRK4m5yTsjP4O6s0yagbxfqIOuUkIxe2/sA+VR2GxZA==
  dependencies:
    fast-deep-equal "^3.1.3"

utility-types@^3.10.0:
  version "3.10.0"
  resolved "https://registry.yarnpkg.com/utility-types/-/utility-types-3.10.0.tgz#ea4148f9a741015f05ed74fd615e1d20e6bed82b"
  integrity sha512-O11mqxmi7wMKCo6HKFt5AhO4BwY3VV68YU07tgxfz8zJTIxr4BpsezN49Ffwy9j3ZpwwJp4fkRwjRzq3uWE6Rg==

webgl-constants@^1.1.1:
  version "1.1.1"
  resolved "https://registry.yarnpkg.com/webgl-constants/-/webgl-constants-1.1.1.tgz#f9633ee87fea56647a60b9ce735cbdfb891c6855"
  integrity sha512-LkBXKjU5r9vAW7Gcu3T5u+5cvSvh5WwINdr0C+9jpzVB41cjQAP5ePArDtk/WHYdVj0GefCgM73BA7FlIiNtdg==

webgl-sdf-generator@1.1.1:
  version "1.1.1"
  resolved "https://registry.yarnpkg.com/webgl-sdf-generator/-/webgl-sdf-generator-1.1.1.tgz#3e1b422b3d87cd3cc77f2602c9db63bc0f6accbd"
  integrity sha512-9Z0JcMTFxeE+b2x1LJTdnaT8rT8aEp7MVxkNwoycNmJWwPdzoXzMh0BjJSh/AEFP+KPYZUli814h8bJZFIZ2jA==

zstddec@^0.0.2:
  version "0.0.2"
  resolved "https://registry.yarnpkg.com/zstddec/-/zstddec-0.0.2.tgz#57e2f28dd1ff56b750e07d158a43f0611ad9eeb4"
  integrity sha512-DCo0oxvcvOTGP/f5FA6tz2Z6wF+FIcEApSTu0zV5sQgn9hoT5lZ9YRAKUraxt9oP7l4e8TnNdi8IZTCX6WCkwA==

zustand@^3.5.1, zustand@^3.5.13:
  version "3.7.1"
  resolved "https://registry.yarnpkg.com/zustand/-/zustand-3.7.1.tgz#7388f0a7175a6c2fd9a2880b383a4bf6cdf6b7c6"
  integrity sha512-wHBCZlKj+bg03/hP+Tzv24YhnqqP8MCeN9ECPDXoF01062SIbnfl3j9O0znkDw1lNTY0a8WN3F///a0UhhaEqg==
